{
  "version": "2",
  "remote": {
    "https://cdn.skypack.dev/-/json5@v2.2.1-74lHuvlVsKC0EwxWaS9l/dist=es2019,mode=imports/optimized/json5.js": "ece3fb60010a49b3198e9dd66a181ab394bdc8a784f5bacaafccd5511bb96197",
    "https://cdn.skypack.dev/-/luxon@v3.0.3-f8PzERSJxz21TIoWAFwg/dist=es2019,mode=imports/optimized/luxon.js": "8b2ed9a0ae3f73cd09e29ed7d6da1daf1410272961f0a6ce065d54b9146762b1",
    "https://cdn.skypack.dev/json5": "b1a4cac0b2f5da2a31e430435d990b76145c1a21e35bede598a7563353518d25",
    "https://cdn.skypack.dev/luxon@v3.0.3": "d4adb61c3eb471c56dc02d9c82c12d208831f53d360b9e9ae686274c94904714",
    "https://deno.land/std@0.150.0/_util/assert.ts": "e94f2eb37cebd7f199952e242c77654e43333c1ac4c5c700e929ea3aa5489f74",
    "https://deno.land/std@0.150.0/_util/os.ts": "3b4c6e27febd119d36a416d7a97bd3b0251b77c88942c8f16ee5953ea13e2e49",
    "https://deno.land/std@0.150.0/path/_constants.ts": "df1db3ffa6dd6d1252cc9617e5d72165cd2483df90e93833e13580687b6083c3",
    "https://deno.land/std@0.150.0/path/_interface.ts": "ee3b431a336b80cf445441109d089b70d87d5e248f4f90ff906820889ecf8d09",
    "https://deno.land/std@0.150.0/path/_util.ts": "c1e9686d0164e29f7d880b2158971d805b6e0efc3110d0b3e24e4b8af2190d2b",
    "https://deno.land/std@0.150.0/path/common.ts": "bee563630abd2d97f99d83c96c2fa0cca7cee103e8cb4e7699ec4d5db7bd2633",
    "https://deno.land/std@0.150.0/path/glob.ts": "cb5255638de1048973c3e69e420c77dc04f75755524cb3b2e160fe9277d939ee",
    "https://deno.land/std@0.150.0/path/mod.ts": "4945b430b759b0b3d98f2a278542cbcf95e0ad2bd8eaaed3c67322b306b2b346",
    "https://deno.land/std@0.150.0/path/posix.ts": "c1f7afe274290ea0b51da07ee205653b2964bd74909a82deb07b69a6cc383aaa",
    "https://deno.land/std@0.150.0/path/separator.ts": "fe1816cb765a8068afb3e8f13ad272351c85cbc739af56dacfc7d93d710fe0f9",
    "https://deno.land/std@0.150.0/path/win32.ts": "bd7549042e37879c68ff2f8576a25950abbfca1d696d41d82c7bca0b7e6f452c",
    "https://deno.land/x/json5@v1.0.0/mod.ts": "0975ee46086985b2e354e901d052f50b3c4b0ed828d0563492b6a02589402574",
    "https://deno.land/x/pamplemousse@1.6/mod.ts": "2f0735e5f7dde11936b2a814e436bb48d82302f21773d77a39aa89c85992965d",
    "https://deno.land/x/sqlite@v3.5.0/build/sqlite.d.ts": "b52e6b5ea2e0517750be2ea1eae8da0edd5056c1f285247aa1c0153f4ef504ec",
    "https://deno.land/x/sqlite@v3.5.0/build/sqlite.js": "15eccc8f1cfb735f9a13b600fc20cf5ec93765439da50ef835328f2070b6655d",
    "https://deno.land/x/sqlite@v3.5.0/build/vfs.js": "01bae9acd531a68590479da0571b68e71357922a1e2f5ef91382ea3f2b22a3f5",
    "https://deno.land/x/sqlite@v3.5.0/mod.ts": "eb55ff3e103826ee735fa1a8ec2db6e96c8fec826faf198239c66a0fe635c4b6",
    "https://deno.land/x/sqlite@v3.5.0/src/constants.ts": "b967237b460fafa03ca03aeddb33953bed41c7cbdc309a934e2329a5c84079ac",
    "https://deno.land/x/sqlite@v3.5.0/src/db.ts": "baddd7daa17bf5958c903f3232d595ca0f71b51beca54b149a6713fb6f9d3a96",
    "https://deno.land/x/sqlite@v3.5.0/src/error.ts": "3ab5f334d78be42a28cb075f331f6080a99917c3ea43c28fb63abdc81ef52a02",
    "https://deno.land/x/sqlite@v3.5.0/src/query.ts": "a83c95cf9d74cff4abb1274c7bb370cc9aebf48be883a643b354276018d53468",
    "https://deno.land/x/sqlite@v3.5.0/src/wasm.ts": "e79d0baa6e42423257fb3c7cc98091c54399254867e0f34a09b5bdef37bd9487",
    "https://raw.githubusercontent.com/lodash/lodash/4.17.21-es/_DataView.js": "0c4811491cd0c415553118f42f9b31112ed58bdb3941358a99deec9347e7a829",
    "https://raw.githubusercontent.com/lodash/lodash/4.17.21-es/_Hash.js": "7221393e8931adc88430d3badefee1568ffccf91a6efcd9dda2be498f4a09551",
    "https://raw.githubusercontent.com/lodash/lodash/4.17.21-es/_ListCache.js": "a8c13a041707d9c96eff21d95a78326b6e2af12b067527bcba22108ce15b600c",
    "https://raw.githubusercontent.com/lodash/lodash/4.17.21-es/_Map.js": "014aa839395eedfb215d1a994754db6716ba8c65ff3945b986270a4743b269bb",
    "https://raw.githubusercontent.com/lodash/lodash/4.17.21-es/_MapCache.js": "fd27ffa20196943af9cbb4694555582d3045fff54b6f808269e4d3a645c3d886",
    "https://raw.githubusercontent.com/lodash/lodash/4.17.21-es/_Promise.js": "55c26a3a24e9f2e6158d36fdeec3b34d59d9f9be08e415a7f50936429595c656",
    "https://raw.githubusercontent.com/lodash/lodash/4.17.21-es/_Set.js": "84d53490631612489f33e3a4a9199f22c853e58b337aa1e10408e63d5129e216",
    "https://raw.githubusercontent.com/lodash/lodash/4.17.21-es/_Stack.js": "391b608ace36e0845f917ab7a5bbaab07930f9ad8b570849857ed564a0ec3a76",
    "https://raw.githubusercontent.com/lodash/lodash/4.17.21-es/_Symbol.js": "631160c3c0cbd05ec8a3d1934ded4a312504a29f04a00be2b29372d00dd6bc6d",
    "https://raw.githubusercontent.com/lodash/lodash/4.17.21-es/_Uint8Array.js": "0181e8a163773e63ca1c366a134df3306c5fec28f487beb326b6bb92113d619d",
    "https://raw.githubusercontent.com/lodash/lodash/4.17.21-es/_WeakMap.js": "1248b893bd82f38179e2ac6df0ff2fa8daf5e5becd11b55d8b2073a5eaab3f47",
    "https://raw.githubusercontent.com/lodash/lodash/4.17.21-es/_arrayEach.js": "cfbf3667657e0f260600a9aa9359a8bde73a9241df474f77f17c06cd9fe76b4d",
    "https://raw.githubusercontent.com/lodash/lodash/4.17.21-es/_arrayFilter.js": "46a23fd1969903486b620f5de048c9347f24863f13416db0a632de56cc78b479",
    "https://raw.githubusercontent.com/lodash/lodash/4.17.21-es/_arrayLikeKeys.js": "c441c2b158f992a5dd14bae0b35d20c3ec25a8a5b6cd439e1be0b1764e831612",
    "https://raw.githubusercontent.com/lodash/lodash/4.17.21-es/_arrayPush.js": "ef2cb71a84885b726882f9664e3c2078279012ba7b220935b7e7390d85d89288",
    "https://raw.githubusercontent.com/lodash/lodash/4.17.21-es/_assignValue.js": "30c56330342d8af0405b9a113f73232fb6fc748a4177787d2b61d1a894cefdf9",
    "https://raw.githubusercontent.com/lodash/lodash/4.17.21-es/_assocIndexOf.js": "b34ff3bbc5cf630e9ea1103eacd7bfcc208347a6b616398e515c7aee821bf8a4",
    "https://raw.githubusercontent.com/lodash/lodash/4.17.21-es/_baseAssign.js": "1cce8f5275323ec54e7cc5539e260b8730606c16a14f56de7a815d46ef046297",
    "https://raw.githubusercontent.com/lodash/lodash/4.17.21-es/_baseAssignIn.js": "d5e10d50ae24b20e36ecb2c7596ba0ac50431e7a19d75d270b896be3257f1e24",
    "https://raw.githubusercontent.com/lodash/lodash/4.17.21-es/_baseAssignValue.js": "fc102066006ab1aa06bf1ed8329c64804b8c61c616840f0739031aafc009fb91",
    "https://raw.githubusercontent.com/lodash/lodash/4.17.21-es/_baseClone.js": "69d03c7e6fb31a642cd17ae233aa926c4a30538d97562c86d599c6fba95d7603",
    "https://raw.githubusercontent.com/lodash/lodash/4.17.21-es/_baseCreate.js": "d2298952b6832fe420556a324428d247ae04540a564bf95d30f4e1bd7370a668",
    "https://raw.githubusercontent.com/lodash/lodash/4.17.21-es/_baseGetAllKeys.js": "45f92029359aaddc01b6aaf58370ba554430f141d1ff8879f6ef829c03ed4e44",
    "https://raw.githubusercontent.com/lodash/lodash/4.17.21-es/_baseGetTag.js": "3a9eebe37ba231eff0380b5f76ac5b5fcee4590665642fd052d77aa51c7d063f",
    "https://raw.githubusercontent.com/lodash/lodash/4.17.21-es/_baseIsArguments.js": "8cc4e523affa6237c8177cd7cb038ede5e6778deaf3fa9c052f3e416840e0334",
    "https://raw.githubusercontent.com/lodash/lodash/4.17.21-es/_baseIsMap.js": "1c0b6aa98f5a9b4b21c56aaad2e662b8f3c7c483592a964e514443424d1d4493",
    "https://raw.githubusercontent.com/lodash/lodash/4.17.21-es/_baseIsNative.js": "1557c70dbb11eba112c6f5454e3cbaf7a714656da0db17e0dfe83441a70e31b1",
    "https://raw.githubusercontent.com/lodash/lodash/4.17.21-es/_baseIsSet.js": "33903d3fdffb6d08dd4beefdb4a2e16c240af87d4ca0c4558aa730b1a87ea55d",
    "https://raw.githubusercontent.com/lodash/lodash/4.17.21-es/_baseIsTypedArray.js": "eb8a844c83bf159a41222acde165ab3f4a9983be77297496550164d10633b076",
    "https://raw.githubusercontent.com/lodash/lodash/4.17.21-es/_baseKeys.js": "5ad980ce937752fa85ce2e48e981eed26ad9b0ee83a0b34491b4c032ab393aee",
    "https://raw.githubusercontent.com/lodash/lodash/4.17.21-es/_baseKeysIn.js": "c582f1f38230256bebba36251eccfbf082e7a395bf7b85aecc4496fd798dc83a",
    "https://raw.githubusercontent.com/lodash/lodash/4.17.21-es/_baseTimes.js": "0d71867db092ef76aed4436956c0cf26d0990eb5d19c88f74edbe8c7ae2dfc93",
    "https://raw.githubusercontent.com/lodash/lodash/4.17.21-es/_baseUnary.js": "25d6f22dcecef2d761e3059330425d1c585dfa81d50ba1dcd82d5524bfa78b53",
    "https://raw.githubusercontent.com/lodash/lodash/4.17.21-es/_cloneArrayBuffer.js": "04c06ac0667c7681872950fefa3d82af988cbb2f45e7ac94ad30a1a7fbca760e",
    "https://raw.githubusercontent.com/lodash/lodash/4.17.21-es/_cloneBuffer.js": "879343bd3fe02c37cbd8691dfb7d2b3599a069bc646bc415d49b347b06e7f801",
    "https://raw.githubusercontent.com/lodash/lodash/4.17.21-es/_cloneDataView.js": "b9a868e7012cd534c7f01d0d65173b005f0252fbd6c5b607423998c2d33f968d",
    "https://raw.githubusercontent.com/lodash/lodash/4.17.21-es/_cloneRegExp.js": "683f8e1bd6e13beb3cc33858eb9d38da573df4aa6a2e02f035a2723ba05c21c4",
    "https://raw.githubusercontent.com/lodash/lodash/4.17.21-es/_cloneSymbol.js": "6be913cb0962aa51be9588bd01e02b3db72443a574b7d65ecf8036c78ddf4d4b",
    "https://raw.githubusercontent.com/lodash/lodash/4.17.21-es/_cloneTypedArray.js": "40396608091618700dc31a89b5e3a70d8a77158134bbe85ca0a33f42061cf90f",
    "https://raw.githubusercontent.com/lodash/lodash/4.17.21-es/_copyArray.js": "66e841eb36a87af2b6bd8d7a21651d2f6c65ee11186ba8c0cd8a5f7856aa626c",
    "https://raw.githubusercontent.com/lodash/lodash/4.17.21-es/_copyObject.js": "f348153f6d3fb121b2c2afe79ae0484fa12e5732772720aa44e128badf42b63e",
    "https://raw.githubusercontent.com/lodash/lodash/4.17.21-es/_copySymbols.js": "4895deb1d808c6234457aeab3b06cc9cac80f6b79a0190fef8fd65d78ae91dc2",
    "https://raw.githubusercontent.com/lodash/lodash/4.17.21-es/_copySymbolsIn.js": "589716ac9ef018b9c3ebb65d8f1aa8bb18b1cda819b5309a6374564cc3e370b6",
    "https://raw.githubusercontent.com/lodash/lodash/4.17.21-es/_coreJsData.js": "020778ed390efefeb8ea3cf88873e9e2818784b3e26fa001ec51fa81c71d0392",
    "https://raw.githubusercontent.com/lodash/lodash/4.17.21-es/_defineProperty.js": "08fe1a52a602829f143cf1a1dd4a133533b1a9cda8ef2071563dcb21750c7517",
    "https://raw.githubusercontent.com/lodash/lodash/4.17.21-es/_freeGlobal.js": "0b65c37b3c1ce6d1800cb59a330dde73f1009f0d10eeaf8fd45f7607b87db4c5",
    "https://raw.githubusercontent.com/lodash/lodash/4.17.21-es/_getAllKeys.js": "01e917e05dd9a3dce40c4b68fe47fe57b6b5a349074e00a4a60768b95fada6e5",
    "https://raw.githubusercontent.com/lodash/lodash/4.17.21-es/_getAllKeysIn.js": "9609ec06ed5e1229cc9e6cc156be0806b9108483ae8bb2e45092c764ea011a71",
    "https://raw.githubusercontent.com/lodash/lodash/4.17.21-es/_getMapData.js": "4ab0307467b45546bd3d8146d67f0e123f2049e6934722653803fe90b3484374",
    "https://raw.githubusercontent.com/lodash/lodash/4.17.21-es/_getNative.js": "b93d64fd14cab48b0ad9b0f1b896ee8dcd74d8d5a20ca9cae6f34aa4a68ae9ef",
    "https://raw.githubusercontent.com/lodash/lodash/4.17.21-es/_getPrototype.js": "0d28834baa350bc2ff483720439732052e2695a44b52cce790c99677fc733cf4",
    "https://raw.githubusercontent.com/lodash/lodash/4.17.21-es/_getRawTag.js": "0023dec54160317b70d52df1d7918638bc16a2869b1bf355f0a4f3e755aa6faf",
    "https://raw.githubusercontent.com/lodash/lodash/4.17.21-es/_getSymbols.js": "34d1bb981fb74a7c1193363e21f8d2634aca05436151bc2297bd9bbf0cd8080c",
    "https://raw.githubusercontent.com/lodash/lodash/4.17.21-es/_getSymbolsIn.js": "beb7a439db355b7f133a0460747b072bcf57f5f85f999b0e03262d2b409206c7",
    "https://raw.githubusercontent.com/lodash/lodash/4.17.21-es/_getTag.js": "86877c73f440b311c85b96f32a5e05995f0e247ef86091bc3d5f4e585439f8c6",
    "https://raw.githubusercontent.com/lodash/lodash/4.17.21-es/_getValue.js": "afff70502a4a536f971f961811013811c177e6f885d1e7e4e41c48c08ea6d6c7",
    "https://raw.githubusercontent.com/lodash/lodash/4.17.21-es/_hashClear.js": "54d4b21fbc05b32b246c4449e27a30628f9d8b6749c08ae965ff8c81af6dad67",
    "https://raw.githubusercontent.com/lodash/lodash/4.17.21-es/_hashDelete.js": "eaf93621141b5c23d99a299c6f8620192faf0fcc71f4f00c01ce5de8f98bc92a",
    "https://raw.githubusercontent.com/lodash/lodash/4.17.21-es/_hashGet.js": "5aa4530201b81f25dc5609240b855f11a8bdd85d92c6bfb8cb2566758bfeaac7",
    "https://raw.githubusercontent.com/lodash/lodash/4.17.21-es/_hashHas.js": "92a91d1122b450660d889520e13f185829e296334b1cc708a7b0009a2c568b71",
    "https://raw.githubusercontent.com/lodash/lodash/4.17.21-es/_hashSet.js": "6535755fba2510b74079e573dc12f8c4f750131793d658ace64cf128fd1e0db2",
    "https://raw.githubusercontent.com/lodash/lodash/4.17.21-es/_initCloneArray.js": "e29650695eb943a391552749678b039dfcd0c1f25294ffa5eee3c5dc4388f990",
    "https://raw.githubusercontent.com/lodash/lodash/4.17.21-es/_initCloneByTag.js": "e1edeb1cead74091a0ebbdeb8ccc1ca84248afc08294a1732aa984ef630dc0df",
    "https://raw.githubusercontent.com/lodash/lodash/4.17.21-es/_initCloneObject.js": "18145c5222148da5ee58b43862e8790ac455f1752fa86e881306a335f403ea7f",
    "https://raw.githubusercontent.com/lodash/lodash/4.17.21-es/_isIndex.js": "33b5bf1805dd076edfc1199e114995a62170f8d6c835e0035ec05099ae29fa97",
    "https://raw.githubusercontent.com/lodash/lodash/4.17.21-es/_isKeyable.js": "207b697e802fc7f957d1275f7da727f59c6673e58ee2078fbc1af56f5f08c0de",
    "https://raw.githubusercontent.com/lodash/lodash/4.17.21-es/_isMasked.js": "cc641b21108046e4ebe15220dae4f7ad463760596800ebf31d5e53df1b98f152",
    "https://raw.githubusercontent.com/lodash/lodash/4.17.21-es/_isPrototype.js": "df65c802abe765ca4473d3dd632c0b3d13e9f2397dedd7cf9742f0157b2396ed",
    "https://raw.githubusercontent.com/lodash/lodash/4.17.21-es/_listCacheClear.js": "e0e283b9176131c84766c243101a75d90566b4577e5c70cc6a38ad6266d805f6",
    "https://raw.githubusercontent.com/lodash/lodash/4.17.21-es/_listCacheDelete.js": "4f60c332ff1ea93b47e744cfbeccb8cc65eed33e7bb302d6bad1fb596f70b186",
    "https://raw.githubusercontent.com/lodash/lodash/4.17.21-es/_listCacheGet.js": "25d578131e42d496bf92590cc2daa636203fc0512eeab29e2add3ac569921e03",
    "https://raw.githubusercontent.com/lodash/lodash/4.17.21-es/_listCacheHas.js": "c091833394e006cf700731a117a75310786726246843f225de698e94f1d1e798",
    "https://raw.githubusercontent.com/lodash/lodash/4.17.21-es/_listCacheSet.js": "0696b9f99b4ed89c08725c8acc805b7cc493078ea0fb8d9153bfb920878fa029",
    "https://raw.githubusercontent.com/lodash/lodash/4.17.21-es/_mapCacheClear.js": "0be01bc64f84e1252f501dbe68d2166eb97ac321bf6638415478ff24a26ac388",
    "https://raw.githubusercontent.com/lodash/lodash/4.17.21-es/_mapCacheDelete.js": "a52b87a49edecdb1b47793b5bb26d41e4bf379c369a420949302e1b1562b5af7",
    "https://raw.githubusercontent.com/lodash/lodash/4.17.21-es/_mapCacheGet.js": "bb71dbbe31d7fbd56016b622ea28b4c1ec570a8c910030dc927465737b458a4e",
    "https://raw.githubusercontent.com/lodash/lodash/4.17.21-es/_mapCacheHas.js": "5b9c230d5e00aba2d482404cc8dbe327b23ad29325d13a0e49e93cfd0b1bf54d",
    "https://raw.githubusercontent.com/lodash/lodash/4.17.21-es/_mapCacheSet.js": "43318a641896356f4b187bee7aad9be1147b766722108a7e7425d7e1ea322bfa",
    "https://raw.githubusercontent.com/lodash/lodash/4.17.21-es/_nativeCreate.js": "59c4a564c25a021902259cb237cfa331daf056423d359258ac968c60f51aa324",
    "https://raw.githubusercontent.com/lodash/lodash/4.17.21-es/_nativeKeys.js": "df95037fd30b575dc9a1173fea65d68bd8cdb07ba10186b7cc43c4d7c69a92f9",
    "https://raw.githubusercontent.com/lodash/lodash/4.17.21-es/_nativeKeysIn.js": "e63e54e1eaf58287382c811139a5a497512356c0c192f646e00abd0e94bf625b",
    "https://raw.githubusercontent.com/lodash/lodash/4.17.21-es/_nodeUtil.js": "f81d8e969afead3562231a1c368fcf884b51339ee04aff07a2b67f8ba794f03b",
    "https://raw.githubusercontent.com/lodash/lodash/4.17.21-es/_objectToString.js": "8f1bb6043dc27219e71dfae28900a7f214a0856118a628efeb120169fe46fe8c",
    "https://raw.githubusercontent.com/lodash/lodash/4.17.21-es/_overArg.js": "599268d0a0a7da23b421ca0cfefbea1f295e44c33bab99fb87df38f4ef97bb9c",
    "https://raw.githubusercontent.com/lodash/lodash/4.17.21-es/_root.js": "df58ff96c454ca91ace20d20e6af49b354c70dfba7e737adc00cd23e8ff77168",
    "https://raw.githubusercontent.com/lodash/lodash/4.17.21-es/_stackClear.js": "2f18f696265ae6318deb51419e121ab543b4fd9ff240892e8e054d944db8020a",
    "https://raw.githubusercontent.com/lodash/lodash/4.17.21-es/_stackDelete.js": "ae947fc8f29882a437db228bcdac90cd048f94bdd758e508b53987be2e28cdfe",
    "https://raw.githubusercontent.com/lodash/lodash/4.17.21-es/_stackGet.js": "ae5633328aae57109e1ce84e70a587c2ba90503294f758ab8086d032ebb40897",
    "https://raw.githubusercontent.com/lodash/lodash/4.17.21-es/_stackHas.js": "06066c99b9909bdc25bb702b579ca29a69ab478d9819506af29aa7e6476eddba",
    "https://raw.githubusercontent.com/lodash/lodash/4.17.21-es/_stackSet.js": "4f96a1dfb190aae58f59bc26cd1a27fae1d10abc338e1f57a67e69d47b832cbe",
    "https://raw.githubusercontent.com/lodash/lodash/4.17.21-es/_toSource.js": "a2333d6455d5a8802b8e8d64f0de422f04a4603cf477429d2baabb8021ec9032",
    "https://raw.githubusercontent.com/lodash/lodash/4.17.21-es/cloneDeep.js": "1122beed4773529f5b9ef627486f7f5c4d116438f3e651d8ef6041994ae3a88f",
    "https://raw.githubusercontent.com/lodash/lodash/4.17.21-es/eq.js": "3a51729bde3af1d9bacf9b67e966d8c154e22b02f5e1cecc13f53f7f00889c13",
    "https://raw.githubusercontent.com/lodash/lodash/4.17.21-es/isArguments.js": "08791025dc5d7ec5183e290aa2aa6a9c4af78703f0d42d1b9421b607c3199fcc",
    "https://raw.githubusercontent.com/lodash/lodash/4.17.21-es/isArray.js": "0d9bcdfdf53955d9253076ddd68e0b992b2c91fb8364baa2ca971e57cbb74e4b",
    "https://raw.githubusercontent.com/lodash/lodash/4.17.21-es/isArrayLike.js": "46956ba526a01c3371fe26a492bf2a247b20d995e6891f2ac99a17b1ab64b49f",
    "https://raw.githubusercontent.com/lodash/lodash/4.17.21-es/isBuffer.js": "683ac01368bb0b51e7571332797cdec13cf5fa26a79ad20764045f01b1d249d2",
    "https://raw.githubusercontent.com/lodash/lodash/4.17.21-es/isFunction.js": "4cf0f598213e142e5d9ad09f17d3611723a9e2e3def000a39edbf38b493b3b08",
    "https://raw.githubusercontent.com/lodash/lodash/4.17.21-es/isLength.js": "ef8193123dc3fbd12be9893aa39aea7df0a779074e604d853c56da1c09d24e11",
    "https://raw.githubusercontent.com/lodash/lodash/4.17.21-es/isMap.js": "9cdd2a2b80768554c2d0d88c8fe8460f07d55f9832ca1149a3156d139aff572d",
    "https://raw.githubusercontent.com/lodash/lodash/4.17.21-es/isObject.js": "fc44c8f265db1492ea04f777d9e2d8598b44d481f5eb38360cb58c1e45b8cbd9",
    "https://raw.githubusercontent.com/lodash/lodash/4.17.21-es/isObjectLike.js": "e45d69136695e8568c6fb3c7327f96ac1a8ff7284b1b22f26fb4654255fd0c6c",
    "https://raw.githubusercontent.com/lodash/lodash/4.17.21-es/isSet.js": "37c903d4dc8656e75a406a2a71577858bc1f61b40aaa610fefb20423fd9dbd4a",
    "https://raw.githubusercontent.com/lodash/lodash/4.17.21-es/isTypedArray.js": "ea3531a60d17525b79f484377cd4053f32fec478822dd2b51ca63ade12520737",
    "https://raw.githubusercontent.com/lodash/lodash/4.17.21-es/keys.js": "cdcc1e10b113af10125daaae5cde3135d581e7f53a22d1190fa12bee62c3315e",
    "https://raw.githubusercontent.com/lodash/lodash/4.17.21-es/keysIn.js": "fba7db7b7420f0cc87b6636aa748e8c5f44e44cb5408fd33d1fa967b13f0039e",
    "https://raw.githubusercontent.com/lodash/lodash/4.17.21-es/stubArray.js": "fbb65461e7df8d72ba98065d2db95b3b781a66c58e396e2c76f8264d427b705e",
    "https://raw.githubusercontent.com/lodash/lodash/4.17.21-es/stubFalse.js": "fd1d278ab0f9329d2b39c180bb97fcbfb609ec117f89443fc2ed898b633493ea"
  }
}
